
Microsoft Visual Studio Solution File, Format Version 12.00
# Visual Studio 15
VisualStudioVersion = 15.0.28307.645
MinimumVisualStudioVersion = 10.0.40219.1
Project("{FAE04EC0-301F-11D3-BF4B-00C04F79EFBC}") = "ConsoleApp43", "ConsoleApp43\ConsoleApp43.csproj", "{EAAD36B6-FF2C-4FDF-95C4-75BBE808BB79}"
EndProject
Global
	GlobalSection(SolutionConfigurationPlatforms) = preSolution
		Debug|Any CPU = Debug|Any CPU
		Release|Any CPU = Release|Any CPU
	EndGlobalSection
	GlobalSection(ProjectConfigurationPlatforms) = postSolution
		{EAAD36B6-FF2C-4FDF-95C4-75BBE808BB79}.Debug|Any CPU.ActiveCfg = Debug|Any CPU
		{EAAD36B6-FF2C-4FDF-95C4-75BBE808BB79}.Debug|Any CPU.Build.0 = Debug|Any CPU
		{EAAD36B6-FF2C-4FDF-95C4-75BBE808BB79}.Release|Any CPU.ActiveCfg = Release|Any CPU
		{EAAD36B6-FF2C-4FDF-95C4-75BBE808BB79}.Release|Any CPU.Build.0 = Release|Any CPU
	EndGlobalSection
	GlobalSection(SolutionProperties) = preSolution
		HideSolutionNode = FALSE
	EndGlobalSection
	GlobalSection(ExtensibilityGlobals) = postSolution
		SolutionGuid = {0EB9040B-63CD-4AEE-9DD8-8D31259E0E93}
	EndGlobalSection
EndGlobal
